
Microsoft Visual Studio Solution File, Format Version 12.00
# Visual Studio Version 17
VisualStudioVersion = 17.14.36408.4 d17.14
MinimumVisualStudioVersion = 10.0.40219.1
Project("{FAE04EC0-301F-11D3-BF4B-00C04F79EFBC}") = "Program1-EthanTolliver", "Program1-EthanTolliver\Program1-EthanTolliver.csproj", "{7B406C11-334A-46C8-8E24-56F58D864025}"
EndProject
Global
	GlobalSection(SolutionConfigurationPlatforms) = preSolution
		Debug|Any CPU = Debug|Any CPU
		Release|Any CPU = Release|Any CPU
	EndGlobalSection
	GlobalSection(ProjectConfigurationPlatforms) = postSolution
		{7B406C11-334A-46C8-8E24-56F58D864025}.Debug|Any CPU.ActiveCfg = Debug|Any CPU
		{7B406C11-334A-46C8-8E24-56F58D864025}.Debug|Any CPU.Build.0 = Debug|Any CPU
		{7B406C11-334A-46C8-8E24-56F58D864025}.Release|Any CPU.ActiveCfg = Release|Any CPU
		{7B406C11-334A-46C8-8E24-56F58D864025}.Release|Any CPU.Build.0 = Release|Any CPU
	EndGlobalSection
	GlobalSection(SolutionProperties) = preSolution
		HideSolutionNode = FALSE
	EndGlobalSection
	GlobalSection(ExtensibilityGlobals) = postSolution
		SolutionGuid = {5DC2FBF6-37C4-485B-8E53-D354DD2B44F2}
	EndGlobalSection
EndGlobal
