
Microsoft Visual Studio Solution File, Format Version 12.00
# Visual Studio Version 17
VisualStudioVersion = 17.14.36518.9 d17.14
MinimumVisualStudioVersion = 10.0.40219.1
Project("{FAE04EC0-301F-11D3-BF4B-00C04F79EFBC}") = "Program3", "Program3\Program3.csproj", "{F9FF19D8-4245-4BEE-BABE-C995A6F2C55E}"
EndProject
Global
	GlobalSection(SolutionConfigurationPlatforms) = preSolution
		Debug|Any CPU = Debug|Any CPU
		Release|Any CPU = Release|Any CPU
	EndGlobalSection
	GlobalSection(ProjectConfigurationPlatforms) = postSolution
		{F9FF19D8-4245-4BEE-BABE-C995A6F2C55E}.Debug|Any CPU.ActiveCfg = Debug|Any CPU
		{F9FF19D8-4245-4BEE-BABE-C995A6F2C55E}.Debug|Any CPU.Build.0 = Debug|Any CPU
		{F9FF19D8-4245-4BEE-BABE-C995A6F2C55E}.Release|Any CPU.ActiveCfg = Release|Any CPU
		{F9FF19D8-4245-4BEE-BABE-C995A6F2C55E}.Release|Any CPU.Build.0 = Release|Any CPU
	EndGlobalSection
	GlobalSection(SolutionProperties) = preSolution
		HideSolutionNode = FALSE
	EndGlobalSection
	GlobalSection(ExtensibilityGlobals) = postSolution
		SolutionGuid = {067C4C48-3186-4704-8B7D-544A7E1569B0}
	EndGlobalSection
EndGlobal
