
Microsoft Visual Studio Solution File, Format Version 12.00
# Visual Studio Version 17
VisualStudioVersion = 17.13.35825.156 d17.13
MinimumVisualStudioVersion = 10.0.40219.1
Project("{FAE04EC0-301F-11D3-BF4B-00C04F79EFBC}") = "GameLibrary", "GameLibrary\GameLibrary.csproj", "{11DA358E-18E7-45F6-A8CA-E9CB9534A481}"
EndProject
Global
	GlobalSection(SolutionConfigurationPlatforms) = preSolution
		Debug|Any CPU = Debug|Any CPU
		Release|Any CPU = Release|Any CPU
	EndGlobalSection
	GlobalSection(ProjectConfigurationPlatforms) = postSolution
		{11DA358E-18E7-45F6-A8CA-E9CB9534A481}.Debug|Any CPU.ActiveCfg = Debug|Any CPU
		{11DA358E-18E7-45F6-A8CA-E9CB9534A481}.Debug|Any CPU.Build.0 = Debug|Any CPU
		{11DA358E-18E7-45F6-A8CA-E9CB9534A481}.Release|Any CPU.ActiveCfg = Release|Any CPU
		{11DA358E-18E7-45F6-A8CA-E9CB9534A481}.Release|Any CPU.Build.0 = Release|Any CPU
	EndGlobalSection
	GlobalSection(SolutionProperties) = preSolution
		HideSolutionNode = FALSE
	EndGlobalSection
	GlobalSection(ExtensibilityGlobals) = postSolution
		SolutionGuid = {648EE40A-EC39-47A8-850F-59BEA87956C6}
	EndGlobalSection
EndGlobal
